<?xml version="1.0" encoding="utf-8"?>
<Project ToolsVersion="4.0" xmlns="http://schemas.microsoft.com/developer/msbuild/2003">
  <ItemGroup>
    <Filter Include="Render">
      <UniqueIdentifier>{83e0af8b-3dd6-4632-8913-e150f64631af}</UniqueIdentifier>
    </Filter>
    <Filter Include="Core">
      <UniqueIdentifier>{484bc6b1-1dbf-4cc3-9b28-fdf29b016090}</UniqueIdentifier>
    </Filter>
    <Filter Include="Physic">
      <UniqueIdentifier>{067c7ec0-9eb6-4d1e-bab1-eb2237e9c3ee}</UniqueIdentifier>
    </Filter>
    <Filter Include="Res">
      <UniqueIdentifier>{6f48fb0d-5f72-4fea-b990-36e16427a937}</UniqueIdentifier>
    </Filter>
  </ItemGroup>
  <ItemGroup>
    <ClCompile Include="Window.cpp">
      <Filter>Core</Filter>
    </ClCompile>
    <ClCompile Include="glad.c">
      <Filter>Core</Filter>
    </ClCompile>
    <ClCompile Include="pch.cpp">
      <Filter>Core</Filter>
    </ClCompile>
    <ClCompile Include="Context.cpp">
      <Filter>Render</Filter>
    </ClCompile>
    <ClCompile Include="Main.cpp">
      <Filter>Render</Filter>
    </ClCompile>
    <ClCompile Include="Mesh.cpp">
      <Filter>Render</Filter>
    </ClCompile>
    <ClCompile Include="OpenGL_Context.cpp">
      <Filter>Render</Filter>
    </ClCompile>
    <ClCompile Include="OpenGL_Mesh.cpp">
      <Filter>Render</Filter>
    </ClCompile>
    <ClCompile Include="OpenGL_Renderer.cpp">
      <Filter>Render</Filter>
    </ClCompile>
    <ClCompile Include="OpenGL_Shader.cpp">
      <Filter>Render</Filter>
    </ClCompile>
    <ClCompile Include="OpenGL_Texture.cpp">
      <Filter>Render</Filter>
    </ClCompile>
    <ClCompile Include="Renderer.cpp">
      <Filter>Render</Filter>
    </ClCompile>
    <ClCompile Include="Shader.cpp">
      <Filter>Render</Filter>
    </ClCompile>
    <ClCompile Include="Body.cpp">
      <Filter>Physic</Filter>
    </ClCompile>
    <ClCompile Include="Camera.cpp">
      <Filter>Physic</Filter>
    </ClCompile>
    <ClCompile Include="Transform.cpp">
      <Filter>Physic</Filter>
    </ClCompile>
    <ClCompile Include="extern\stb_image.cpp" />
    <ClCompile Include="OpenGL_Material.cpp">
      <Filter>Render</Filter>
    </ClCompile>
    <ClCompile Include="OpenGL_SubMesh.cpp">
      <Filter>Render</Filter>
    </ClCompile>
    <ClCompile Include="OpenGL_RenderableEntity.cpp">
      <Filter>Render</Filter>
    </ClCompile>
    <ClCompile Include="SubMesh.cpp">
      <Filter>Render</Filter>
    </ClCompile>
    <ClCompile Include="Material.cpp">
      <Filter>Render</Filter>
    </ClCompile>
    <ClCompile Include="Texture.cpp">
      <Filter>Render</Filter>
    </ClCompile>
    <ClCompile Include="ResourceManager.cpp">
      <Filter>Render</Filter>
    </ClCompile>
    <ClCompile Include="RenderableEntity.cpp">
      <Filter>Render</Filter>
    </ClCompile>
    <ClCompile Include="Primitive.cpp">
      <Filter>Physic</Filter>
    </ClCompile>
  </ItemGroup>
  <ItemGroup>
    <ClInclude Include="Window.h">
      <Filter>Core</Filter>
    </ClInclude>
    <ClInclude Include="pch.h">
      <Filter>Core</Filter>
    </ClInclude>
    <ClInclude Include="Context.h">
      <Filter>Render</Filter>
    </ClInclude>
    <ClInclude Include="Mesh.h">
      <Filter>Render</Filter>
    </ClInclude>
    <ClInclude Include="OpenGL_Context.h">
      <Filter>Render</Filter>
    </ClInclude>
    <ClInclude Include="OpenGL_Mesh.h">
      <Filter>Render</Filter>
    </ClInclude>
    <ClInclude Include="OpenGL_Renderer.h">
      <Filter>Render</Filter>
    </ClInclude>
    <ClInclude Include="OpenGL_Shader.h">
      <Filter>Render</Filter>
    </ClInclude>
    <ClInclude Include="OpenGL_Texture.h">
      <Filter>Render</Filter>
    </ClInclude>
    <ClInclude Include="Renderer.h">
      <Filter>Render</Filter>
    </ClInclude>
    <ClInclude Include="Shader.h">
      <Filter>Render</Filter>
    </ClInclude>
    <ClInclude Include="Transform.h">
      <Filter>Physic</Filter>
    </ClInclude>
    <ClInclude Include="Camera.h">
      <Filter>Physic</Filter>
    </ClInclude>
    <ClInclude Include="Body.h">
      <Filter>Physic</Filter>
    </ClInclude>
    <ClInclude Include="extern\stb_image.h" />
    <ClInclude Include="RenderStructures.hpp">
      <Filter>Render</Filter>
    </ClInclude>
    <ClInclude Include="OpenGL_Material.h">
      <Filter>Render</Filter>
    </ClInclude>
    <ClInclude Include="OpenGL_SubMesh.h">
      <Filter>Render</Filter>
    </ClInclude>
    <ClInclude Include="OpenGL_RenderableEntity.h">
      <Filter>Render</Filter>
    </ClInclude>
    <ClInclude Include="SubMesh.h">
      <Filter>Render</Filter>
    </ClInclude>
    <ClInclude Include="Material.h">
      <Filter>Render</Filter>
    </ClInclude>
    <ClInclude Include="Texture.h">
      <Filter>Render</Filter>
    </ClInclude>
    <ClInclude Include="ResourceManager.hpp">
      <Filter>Render</Filter>
    </ClInclude>
    <ClInclude Include="RenderableEntity.h">
      <Filter>Render</Filter>
    </ClInclude>
    <ClInclude Include="Primitive.h">
      <Filter>Physic</Filter>
    </ClInclude>
  </ItemGroup>
  <ItemGroup>
    <None Include="packages.config" />
    <None Include=".gitattributes" />
    <None Include=".gitignore" />
    <None Include="res\shaders\vertex.glsl">
      <Filter>Res</Filter>
    </None>
    <None Include="res\shaders\fragment.glsl">
      <Filter>Res</Filter>
    </None>
    <None Include="res\shaders\colorV.glsl" />
    <None Include="res\shaders\colorF.glsl" />
  </ItemGroup>
</Project>